
Microsoft Visual Studio Solution File, Format Version 12.00
# Visual Studio Version 17
VisualStudioVersion = 17.13.35913.81 d17.13
MinimumVisualStudioVersion = 10.0.40219.1
Project("{FAE04EC0-301F-11D3-BF4B-00C04F79EFBC}") = "ECommerceBackend.API", "ECommerceBackend.API\ECommerceBackend.API.csproj", "{FE7328B2-C4CF-4BE4-8C85-34E7AF2B6EE4}"
EndProject
Project("{FAE04EC0-301F-11D3-BF4B-00C04F79EFBC}") = "ECommerceBackend.Application", "ECommerceBackend.Application\ECommerceBackend.Application.csproj", "{F2CA1559-049D-4B7D-91AC-7B33BBEBC442}"
EndProject
Project("{FAE04EC0-301F-11D3-BF4B-00C04F79EFBC}") = "ECommerceBackend.Domain", "ECommerceBackend.Domain\ECommerceBackend.Domain.csproj", "{B801BD09-9625-4E41-A780-7894766B9B7B}"
EndProject
Project("{FAE04EC0-301F-11D3-BF4B-00C04F79EFBC}") = "ECommerceBackend.Infrastructure", "ECommerceBackend.Infrastructure\ECommerceBackend.Infrastructure.csproj", "{31056457-94BE-4593-BE50-B2D1D7315919}"
EndProject
Global
	GlobalSection(SolutionConfigurationPlatforms) = preSolution
		Debug|Any CPU = Debug|Any CPU
		Release|Any CPU = Release|Any CPU
	EndGlobalSection
	GlobalSection(ProjectConfigurationPlatforms) = postSolution
		{FE7328B2-C4CF-4BE4-8C85-34E7AF2B6EE4}.Debug|Any CPU.ActiveCfg = Debug|Any CPU
		{FE7328B2-C4CF-4BE4-8C85-34E7AF2B6EE4}.Debug|Any CPU.Build.0 = Debug|Any CPU
		{FE7328B2-C4CF-4BE4-8C85-34E7AF2B6EE4}.Release|Any CPU.ActiveCfg = Release|Any CPU
		{FE7328B2-C4CF-4BE4-8C85-34E7AF2B6EE4}.Release|Any CPU.Build.0 = Release|Any CPU
		{F2CA1559-049D-4B7D-91AC-7B33BBEBC442}.Debug|Any CPU.ActiveCfg = Debug|Any CPU
		{F2CA1559-049D-4B7D-91AC-7B33BBEBC442}.Debug|Any CPU.Build.0 = Debug|Any CPU
		{F2CA1559-049D-4B7D-91AC-7B33BBEBC442}.Release|Any CPU.ActiveCfg = Release|Any CPU
		{F2CA1559-049D-4B7D-91AC-7B33BBEBC442}.Release|Any CPU.Build.0 = Release|Any CPU
		{B801BD09-9625-4E41-A780-7894766B9B7B}.Debug|Any CPU.ActiveCfg = Debug|Any CPU
		{B801BD09-9625-4E41-A780-7894766B9B7B}.Debug|Any CPU.Build.0 = Debug|Any CPU
		{B801BD09-9625-4E41-A780-7894766B9B7B}.Release|Any CPU.ActiveCfg = Release|Any CPU
		{B801BD09-9625-4E41-A780-7894766B9B7B}.Release|Any CPU.Build.0 = Release|Any CPU
		{31056457-94BE-4593-BE50-B2D1D7315919}.Debug|Any CPU.ActiveCfg = Debug|Any CPU
		{31056457-94BE-4593-BE50-B2D1D7315919}.Debug|Any CPU.Build.0 = Debug|Any CPU
		{31056457-94BE-4593-BE50-B2D1D7315919}.Release|Any CPU.ActiveCfg = Release|Any CPU
		{31056457-94BE-4593-BE50-B2D1D7315919}.Release|Any CPU.Build.0 = Release|Any CPU
	EndGlobalSection
	GlobalSection(SolutionProperties) = preSolution
		HideSolutionNode = FALSE
	EndGlobalSection
	GlobalSection(ExtensibilityGlobals) = postSolution
		SolutionGuid = {441D0395-B13E-43F9-A064-6AB87ED86FC5}
	EndGlobalSection
EndGlobal
